
Microsoft Visual Studio Solution File, Format Version 12.00
# Visual Studio Version 16
VisualStudioVersion = 16.0.29728.190
MinimumVisualStudioVersion = 10.0.40219.1
Project("{FAE04EC0-301F-11D3-BF4B-00C04F79EFBC}") = "Flyweight", "Flyweight\Flyweight.csproj", "{2B3C610F-1D7D-41C8-B234-081774A0CF7B}"
EndProject
Global
	GlobalSection(SolutionConfigurationPlatforms) = preSolution
		Debug|Any CPU = Debug|Any CPU
		Release|Any CPU = Release|Any CPU
	EndGlobalSection
	GlobalSection(ProjectConfigurationPlatforms) = postSolution
		{2B3C610F-1D7D-41C8-B234-081774A0CF7B}.Debug|Any CPU.ActiveCfg = Debug|Any CPU
		{2B3C610F-1D7D-41C8-B234-081774A0CF7B}.Debug|Any CPU.Build.0 = Debug|Any CPU
		{2B3C610F-1D7D-41C8-B234-081774A0CF7B}.Release|Any CPU.ActiveCfg = Release|Any CPU
		{2B3C610F-1D7D-41C8-B234-081774A0CF7B}.Release|Any CPU.Build.0 = Release|Any CPU
	EndGlobalSection
	GlobalSection(SolutionProperties) = preSolution
		HideSolutionNode = FALSE
	EndGlobalSection
	GlobalSection(ExtensibilityGlobals) = postSolution
		SolutionGuid = {11E93D0A-B806-4632-9D07-66402802D81E}
	EndGlobalSection
EndGlobal
